
Microsoft Visual Studio Solution File, Format Version 12.00
# Visual Studio Version 16
VisualStudioVersion = 16.0.30204.135
MinimumVisualStudioVersion = 10.0.40219.1
Project("{888888A0-9F3D-457C-B088-3A5042F75D52}") = "CoffeePyApp", "CoffeePyApp.pyproj", "{708353B9-9944-45A0-999E-43F0F5A87931}"
EndProject
Global
	GlobalSection(SolutionConfigurationPlatforms) = preSolution
		Debug|Any CPU = Debug|Any CPU
		Release|Any CPU = Release|Any CPU
	EndGlobalSection
	GlobalSection(ProjectConfigurationPlatforms) = postSolution
		{708353B9-9944-45A0-999E-43F0F5A87931}.Debug|Any CPU.ActiveCfg = Debug|Any CPU
		{708353B9-9944-45A0-999E-43F0F5A87931}.Release|Any CPU.ActiveCfg = Release|Any CPU
	EndGlobalSection
	GlobalSection(SolutionProperties) = preSolution
		HideSolutionNode = FALSE
	EndGlobalSection
	GlobalSection(ExtensibilityGlobals) = postSolution
		SolutionGuid = {E4BBC911-27D7-4437-B4F4-E85B34957FA9}
	EndGlobalSection
EndGlobal
